<?xml version="1.0" encoding="utf-8"?>
<Project ToolsVersion="4.0" xmlns="http://schemas.microsoft.com/developer/msbuild/2003">
  <ItemGroup>
    <Filter Include="ソース ファイル">
      <UniqueIdentifier>{4FC737F1-C7A5-4376-A066-2A32D752A2FF}</UniqueIdentifier>
      <Extensions>cpp;c;cc;cxx;def;odl;idl;hpj;bat;asm;asmx</Extensions>
    </Filter>
    <Filter Include="ヘッダー ファイル">
      <UniqueIdentifier>{93995380-89BD-4b04-88EB-625FBE52EBFB}</UniqueIdentifier>
      <Extensions>h;hh;hpp;hxx;hm;inl;inc;xsd</Extensions>
    </Filter>
    <Filter Include="リソース ファイル">
      <UniqueIdentifier>{67DA6AB6-F800-4c08-8B7A-83BB121AAD01}</UniqueIdentifier>
      <Extensions>rc;ico;cur;bmp;dlg;rc2;rct;bin;rgs;gif;jpg;jpeg;jpe;resx;tiff;tif;png;wav;mfcribbon-ms</Extensions>
    </Filter>
    <Filter Include="ソース ファイル\親クラス">
      <UniqueIdentifier>{e35f23c1-b2c6-4f34-a518-c26dbf6cec68}</UniqueIdentifier>
    </Filter>
    <Filter Include="ソース ファイル\独立したクラス">
      <UniqueIdentifier>{7e3c1bac-41db-4040-876c-0c6937177a05}</UniqueIdentifier>
    </Filter>
    <Filter Include="ソース ファイル\親クラス\シーンの継承">
      <UniqueIdentifier>{d35064f2-658a-4a3e-b29e-97afea8e62f8}</UniqueIdentifier>
    </Filter>
    <Filter Include="ソース ファイル\親クラス\シーンの継承\メッシュ系">
      <UniqueIdentifier>{d248ccbb-9d9f-43b7-aa66-43d1215f462c}</UniqueIdentifier>
    </Filter>
    <Filter Include="ソース ファイル\親クラス\入力系">
      <UniqueIdentifier>{b54788cb-6c25-4af8-bae9-bbf03330259e}</UniqueIdentifier>
    </Filter>
    <Filter Include="ソース ファイル\親クラス\コントロール系">
      <UniqueIdentifier>{a0b82572-8339-44f7-9008-36dbda78fbab}</UniqueIdentifier>
    </Filter>
    <Filter Include="ソース ファイル\親クラス\シーンの継承\3Dポリゴン系">
      <UniqueIdentifier>{c57c6c39-4a22-4910-8b1e-947905fcb8a8}</UniqueIdentifier>
    </Filter>
    <Filter Include="ソース ファイル\親クラス\シーンの継承\2Dポリゴン系">
      <UniqueIdentifier>{85907daa-554f-4064-b72b-5a1dba89c7d2}</UniqueIdentifier>
    </Filter>
    <Filter Include="ソース ファイル\親クラス\モデル系">
      <UniqueIdentifier>{a4a5ce04-5180-44ae-bbf4-5bb3afc688a2}</UniqueIdentifier>
    </Filter>
    <Filter Include="ソース ファイル\親クラス\シーンの継承\エフェクト系">
      <UniqueIdentifier>{371a7c53-51c6-4992-abe9-4fd6bac24153}</UniqueIdentifier>
    </Filter>
    <Filter Include="ソース ファイル\独立したクラス\ゲームモード">
      <UniqueIdentifier>{f19000b5-e454-4cec-832c-4bed91fc494d}</UniqueIdentifier>
    </Filter>
    <Filter Include="ソース ファイル\外部読み込み系">
      <UniqueIdentifier>{335703d9-a5f6-4c2d-8e23-cca7314a31c8}</UniqueIdentifier>
    </Filter>
    <Filter Include="ソース ファイル\管理系クラス">
      <UniqueIdentifier>{2d4d03c7-f72f-410b-bbcb-e8ef0bfb2e32}</UniqueIdentifier>
    </Filter>
  </ItemGroup>
  <ItemGroup>
    <ClCompile Include="renderer.cpp">
      <Filter>ソース ファイル\独立したクラス</Filter>
    </ClCompile>
    <ClCompile Include="main.cpp">
      <Filter>ソース ファイル\独立したクラス</Filter>
    </ClCompile>
    <ClCompile Include="light.cpp">
      <Filter>ソース ファイル\独立したクラス</Filter>
    </ClCompile>
    <ClCompile Include="camera.cpp">
      <Filter>ソース ファイル\独立したクラス</Filter>
    </ClCompile>
    <ClCompile Include="Ui.cpp">
      <Filter>ソース ファイル\親クラス\シーンの継承\2Dポリゴン系</Filter>
    </ClCompile>
    <ClCompile Include="number.cpp">
      <Filter>ソース ファイル\親クラス\シーンの継承\2Dポリゴン系</Filter>
    </ClCompile>
    <ClCompile Include="bg.cpp">
      <Filter>ソース ファイル\親クラス\シーンの継承\2Dポリゴン系</Filter>
    </ClCompile>
    <ClCompile Include="control_fade.cpp">
      <Filter>ソース ファイル\親クラス\コントロール系</Filter>
    </ClCompile>
    <ClCompile Include="control_blink.cpp">
      <Filter>ソース ファイル\親クラス\コントロール系</Filter>
    </ClCompile>
    <ClCompile Include="keyboard.cpp">
      <Filter>ソース ファイル\親クラス\入力系</Filter>
    </ClCompile>
    <ClCompile Include="model_spawner.cpp">
      <Filter>ソース ファイル\親クラス\モデル系</Filter>
    </ClCompile>
    <ClCompile Include="playdata.cpp">
      <Filter>ソース ファイル\独立したクラス</Filter>
    </ClCompile>
    <ClCompile Include="field.cpp">
      <Filter>ソース ファイル\親クラス\シーンの継承\3Dポリゴン系</Filter>
    </ClCompile>
    <ClCompile Include="meshsphere.cpp">
      <Filter>ソース ファイル\親クラス\シーンの継承\メッシュ系</Filter>
    </ClCompile>
    <ClCompile Include="meshcylinder.cpp">
      <Filter>ソース ファイル\親クラス\シーンの継承\メッシュ系</Filter>
    </ClCompile>
    <ClCompile Include="meshfield.cpp">
      <Filter>ソース ファイル\親クラス\シーンの継承\メッシュ系</Filter>
    </ClCompile>
    <ClCompile Include="XInput.cpp">
      <Filter>ソース ファイル\親クラス\入力系</Filter>
    </ClCompile>
    <ClCompile Include="DirectInput.cpp">
      <Filter>ソース ファイル\親クラス\入力系</Filter>
    </ClCompile>
    <ClCompile Include="input.cpp">
      <Filter>ソース ファイル\親クラス\入力系</Filter>
    </ClCompile>
    <ClCompile Include="control.cpp">
      <Filter>ソース ファイル\親クラス\コントロール系</Filter>
    </ClCompile>
    <ClCompile Include="Scene3D.cpp">
      <Filter>ソース ファイル\親クラス\シーンの継承\3Dポリゴン系</Filter>
    </ClCompile>
    <ClCompile Include="scene2D.cpp">
      <Filter>ソース ファイル\親クラス\シーンの継承\2Dポリゴン系</Filter>
    </ClCompile>
    <ClCompile Include="model.cpp">
      <Filter>ソース ファイル\親クラス\モデル系</Filter>
    </ClCompile>
    <ClCompile Include="billboard.cpp">
      <Filter>ソース ファイル\親クラス\シーンの継承\エフェクト系</Filter>
    </ClCompile>
    <ClCompile Include="effect.cpp">
      <Filter>ソース ファイル\親クラス\シーンの継承\エフェクト系</Filter>
    </ClCompile>
    <ClCompile Include="fade.cpp">
      <Filter>ソース ファイル\親クラス\シーンの継承\2Dポリゴン系</Filter>
    </ClCompile>
    <ClCompile Include="ranking.cpp">
      <Filter>ソース ファイル\親クラス\シーンの継承\2Dポリゴン系</Filter>
    </ClCompile>
    <ClCompile Include="score.cpp">
      <Filter>ソース ファイル\親クラス\シーンの継承\2Dポリゴン系</Filter>
    </ClCompile>
    <ClCompile Include="timercount.cpp">
      <Filter>ソース ファイル\親クラス\シーンの継承\2Dポリゴン系</Filter>
    </ClCompile>
    <ClCompile Include="player.cpp">
      <Filter>ソース ファイル\親クラス\モデル系</Filter>
    </ClCompile>
    <ClCompile Include="title.cpp">
      <Filter>ソース ファイル\独立したクラス\ゲームモード</Filter>
    </ClCompile>
    <ClCompile Include="game.cpp">
      <Filter>ソース ファイル\独立したクラス\ゲームモード</Filter>
    </ClCompile>
    <ClCompile Include="result.cpp">
      <Filter>ソース ファイル\独立したクラス\ゲームモード</Filter>
    </ClCompile>
    <ClCompile Include="stage.cpp">
      <Filter>ソース ファイル\外部読み込み系</Filter>
    </ClCompile>
    <ClCompile Include="texture.cpp">
      <Filter>ソース ファイル\外部読み込み系</Filter>
    </ClCompile>
    <ClCompile Include="Bomb.cpp">
      <Filter>ソース ファイル\親クラス\モデル系</Filter>
    </ClCompile>
    <ClCompile Include="control_rise.cpp">
      <Filter>ソース ファイル\親クラス\コントロール系</Filter>
    </ClCompile>
    <ClCompile Include="LoadX.cpp">
      <Filter>ソース ファイル\外部読み込み系</Filter>
    </ClCompile>
    <ClCompile Include="BombSpawner.cpp">
      <Filter>ソース ファイル\親クラス\モデル系</Filter>
    </ClCompile>
    <ClCompile Include="Target.cpp">
      <Filter>ソース ファイル\親クラス\モデル系</Filter>
    </ClCompile>
    <ClCompile Include="control_spread.cpp">
      <Filter>ソース ファイル\親クラス\コントロール系</Filter>
    </ClCompile>
    <ClCompile Include="effect_blast.cpp">
      <Filter>ソース ファイル\親クラス\シーンの継承\エフェクト系</Filter>
    </ClCompile>
    <ClCompile Include="control_throw.cpp">
      <Filter>ソース ファイル\親クラス\コントロール系</Filter>
    </ClCompile>
    <ClCompile Include="control_zoom.cpp">
      <Filter>ソース ファイル\親クラス\コントロール系</Filter>
    </ClCompile>
    <ClCompile Include="pause.cpp">
      <Filter>ソース ファイル\親クラス\シーンの継承\2Dポリゴン系</Filter>
    </ClCompile>
    <ClCompile Include="shadow.cpp">
      <Filter>ソース ファイル\親クラス\シーンの継承\エフェクト系</Filter>
    </ClCompile>
    <ClCompile Include="mouse.cpp">
      <Filter>ソース ファイル\親クラス\入力系</Filter>
    </ClCompile>
    <ClCompile Include="sound.cpp">
      <Filter>ソース ファイル\独立したクラス</Filter>
    </ClCompile>
    <ClCompile Include="StringManager.cpp">
      <Filter>ソース ファイル\親クラス\シーンの継承\2Dポリゴン系</Filter>
    </ClCompile>
    <ClCompile Include="TextureFont.cpp">
      <Filter>ソース ファイル\親クラス\シーンの継承\2Dポリゴン系</Filter>
    </ClCompile>
    <ClCompile Include="manager.cpp">
      <Filter>ソース ファイル\管理系クラス</Filter>
    </ClCompile>
    <ClCompile Include="scene.cpp">
      <Filter>ソース ファイル\管理系クラス</Filter>
    </ClCompile>
  </ItemGroup>
  <ItemGroup>
    <ClInclude Include="stage.h">
      <Filter>ヘッダー ファイル</Filter>
    </ClInclude>
    <ClInclude Include="texture.h">
      <Filter>ヘッダー ファイル</Filter>
    </ClInclude>
    <ClInclude Include="control.h">
      <Filter>ヘッダー ファイル</Filter>
    </ClInclude>
    <ClInclude Include="control_blink.h">
      <Filter>ヘッダー ファイル</Filter>
    </ClInclude>
    <ClInclude Include="control_fade.h">
      <Filter>ヘッダー ファイル</Filter>
    </ClInclude>
    <ClInclude Include="camera.h">
      <Filter>ヘッダー ファイル</Filter>
    </ClInclude>
    <ClInclude Include="game.h">
      <Filter>ヘッダー ファイル</Filter>
    </ClInclude>
    <ClInclude Include="light.h">
      <Filter>ヘッダー ファイル</Filter>
    </ClInclude>
    <ClInclude Include="main.h">
      <Filter>ヘッダー ファイル</Filter>
    </ClInclude>
    <ClInclude Include="manager.h">
      <Filter>ヘッダー ファイル</Filter>
    </ClInclude>
    <ClInclude Include="playdata.h">
      <Filter>ヘッダー ファイル</Filter>
    </ClInclude>
    <ClInclude Include="renderer.h">
      <Filter>ヘッダー ファイル</Filter>
    </ClInclude>
    <ClInclude Include="result.h">
      <Filter>ヘッダー ファイル</Filter>
    </ClInclude>
    <ClInclude Include="scene.h">
      <Filter>ヘッダー ファイル</Filter>
    </ClInclude>
    <ClInclude Include="title.h">
      <Filter>ヘッダー ファイル</Filter>
    </ClInclude>
    <ClInclude Include="XInput.h">
      <Filter>ヘッダー ファイル</Filter>
    </ClInclude>
    <ClInclude Include="keyboard.h">
      <Filter>ヘッダー ファイル</Filter>
    </ClInclude>
    <ClInclude Include="input.h">
      <Filter>ヘッダー ファイル</Filter>
    </ClInclude>
    <ClInclude Include="DirectInput.h">
      <Filter>ヘッダー ファイル</Filter>
    </ClInclude>
    <ClInclude Include="player.h">
      <Filter>ヘッダー ファイル</Filter>
    </ClInclude>
    <ClInclude Include="model.h">
      <Filter>ヘッダー ファイル</Filter>
    </ClInclude>
    <ClInclude Include="model_spawner.h">
      <Filter>ヘッダー ファイル</Filter>
    </ClInclude>
    <ClInclude Include="meshsphere.h">
      <Filter>ヘッダー ファイル</Filter>
    </ClInclude>
    <ClInclude Include="meshfield.h">
      <Filter>ヘッダー ファイル</Filter>
    </ClInclude>
    <ClInclude Include="meshcylinder.h">
      <Filter>ヘッダー ファイル</Filter>
    </ClInclude>
    <ClInclude Include="effect.h">
      <Filter>ヘッダー ファイル</Filter>
    </ClInclude>
    <ClInclude Include="billboard.h">
      <Filter>ヘッダー ファイル</Filter>
    </ClInclude>
    <ClInclude Include="field.h">
      <Filter>ヘッダー ファイル</Filter>
    </ClInclude>
    <ClInclude Include="Scene3D.h">
      <Filter>ヘッダー ファイル</Filter>
    </ClInclude>
    <ClInclude Include="Ui.h">
      <Filter>ヘッダー ファイル</Filter>
    </ClInclude>
    <ClInclude Include="timercount.h">
      <Filter>ヘッダー ファイル</Filter>
    </ClInclude>
    <ClInclude Include="score.h">
      <Filter>ヘッダー ファイル</Filter>
    </ClInclude>
    <ClInclude Include="scene2D.h">
      <Filter>ヘッダー ファイル</Filter>
    </ClInclude>
    <ClInclude Include="ranking.h">
      <Filter>ヘッダー ファイル</Filter>
    </ClInclude>
    <ClInclude Include="number.h">
      <Filter>ヘッダー ファイル</Filter>
    </ClInclude>
    <ClInclude Include="fade.h">
      <Filter>ヘッダー ファイル</Filter>
    </ClInclude>
    <ClInclude Include="bg.h">
      <Filter>ヘッダー ファイル</Filter>
    </ClInclude>
    <ClInclude Include="Bomb.h">
      <Filter>ヘッダー ファイル</Filter>
    </ClInclude>
    <ClInclude Include="control_rise.h">
      <Filter>ヘッダー ファイル</Filter>
    </ClInclude>
    <ClInclude Include="LoadX.h">
      <Filter>ヘッダー ファイル</Filter>
    </ClInclude>
    <ClInclude Include="BombSpawner.h">
      <Filter>ヘッダー ファイル</Filter>
    </ClInclude>
    <ClInclude Include="Target.h">
      <Filter>ヘッダー ファイル</Filter>
    </ClInclude>
    <ClInclude Include="control_spread.h">
      <Filter>ヘッダー ファイル</Filter>
    </ClInclude>
    <ClInclude Include="effect_blast.h">
      <Filter>ヘッダー ファイル</Filter>
    </ClInclude>
    <ClInclude Include="control_throw.h">
      <Filter>ヘッダー ファイル</Filter>
    </ClInclude>
    <ClInclude Include="control_zoom.h">
      <Filter>ヘッダー ファイル</Filter>
    </ClInclude>
    <ClInclude Include="pause.h">
      <Filter>ヘッダー ファイル</Filter>
    </ClInclude>
    <ClInclude Include="shadow.h">
      <Filter>ヘッダー ファイル</Filter>
    </ClInclude>
    <ClInclude Include="mouse.h">
      <Filter>ヘッダー ファイル</Filter>
    </ClInclude>
    <ClInclude Include="sound.h">
      <Filter>ヘッダー ファイル</Filter>
    </ClInclude>
    <ClInclude Include="TextureFont.h">
      <Filter>ヘッダー ファイル</Filter>
    </ClInclude>
    <ClInclude Include="StringManager.h">
      <Filter>ヘッダー ファイル</Filter>
    </ClInclude>
  </ItemGroup>
</Project>